{
  "name": "capstone_analysis",
  "version": "1.0.0",
  "lockfileVersion": 2,
  "requires": true,
  "packages": {
    "": {
      "name": "capstone_analysis",
      "version": "1.0.0",
      "license": "ISC",
      "dependencies": {
        "memory-stats": "^1.0.2"
      }
    },
    "node_modules/memory-stats": {
      "version": "1.0.2",
      "resolved": "https://registry.npmjs.org/memory-stats/-/memory-stats-1.0.2.tgz",
      "integrity": "sha512-vAQRK6WtxQRMFLLbNbIg+9A4NB9IG7epKKa+5b3IYJ6CAGMIxNhPvVTMByS0+vwNOrfz7F9FwCoTmkk4/O8xHQ=="
    }
  },
  "dependencies": {
    "memory-stats": {
      "version": "1.0.2",
      "resolved": "https://registry.npmjs.org/memory-stats/-/memory-stats-1.0.2.tgz",
      "integrity": "sha512-vAQRK6WtxQRMFLLbNbIg+9A4NB9IG7epKKa+5b3IYJ6CAGMIxNhPvVTMByS0+vwNOrfz7F9FwCoTmkk4/O8xHQ=="
    }
  }
}
